
Microsoft Visual Studio Solution File, Format Version 12.00
# Visual Studio Version 17
VisualStudioVersion = 17.4.33213.308
MinimumVisualStudioVersion = 10.0.40219.1
Project("{FAE04EC0-301F-11D3-BF4B-00C04F79EFBC}") = "Radiowe", "Radiowe.csproj", "{10C47405-58CA-424F-A9EE-2E2101D5D948}"
EndProject
Global
	GlobalSection(SolutionConfigurationPlatforms) = preSolution
		Debug|Any CPU = Debug|Any CPU
		Release|Any CPU = Release|Any CPU
	EndGlobalSection
	GlobalSection(ProjectConfigurationPlatforms) = postSolution
		{10C47405-58CA-424F-A9EE-2E2101D5D948}.Debug|Any CPU.ActiveCfg = Debug|Any CPU
		{10C47405-58CA-424F-A9EE-2E2101D5D948}.Debug|Any CPU.Build.0 = Debug|Any CPU
		{10C47405-58CA-424F-A9EE-2E2101D5D948}.Release|Any CPU.ActiveCfg = Release|Any CPU
		{10C47405-58CA-424F-A9EE-2E2101D5D948}.Release|Any CPU.Build.0 = Release|Any CPU
	EndGlobalSection
	GlobalSection(SolutionProperties) = preSolution
		HideSolutionNode = FALSE
	EndGlobalSection
	GlobalSection(ExtensibilityGlobals) = postSolution
		SolutionGuid = {50024525-FF8D-4909-98C4-4A5C0D37F852}
	EndGlobalSection
EndGlobal
